<?xml version="1.0" encoding="utf-8"?>
<Project ToolsVersion="4.0" xmlns="http://schemas.microsoft.com/developer/msbuild/2003">
  <ItemGroup>
    <Filter Include="源文件">
      <UniqueIdentifier>{4FC737F1-C7A5-4376-A066-2A32D752A2FF}</UniqueIdentifier>
      <Extensions>cpp;c;cc;cxx;c++;cppm;ixx;def;odl;idl;hpj;bat;asm;asmx</Extensions>
    </Filter>
    <Filter Include="头文件">
      <UniqueIdentifier>{93995380-89BD-4b04-88EB-625FBE52EBFB}</UniqueIdentifier>
      <Extensions>h;hh;hpp;hxx;h++;hm;inl;inc;ipp;xsd</Extensions>
    </Filter>
    <Filter Include="资源文件">
      <UniqueIdentifier>{67DA6AB6-F800-4c08-8B7A-83BB121AAD01}</UniqueIdentifier>
      <Extensions>rc;ico;cur;bmp;dlg;rc2;rct;bin;rgs;gif;jpg;jpeg;jpe;resx;tiff;tif;png;wav;mfcribbon-ms</Extensions>
    </Filter>
  </ItemGroup>
  <ItemGroup>
    <ClCompile Include="..\vendor\include\crude_json.cpp">
      <Filter>源文件</Filter>
    </ClCompile>
    <ClCompile Include="..\vendor\include\ImCurveEdit.cpp">
      <Filter>源文件</Filter>
    </ClCompile>
    <ClCompile Include="..\vendor\include\ImGradient.cpp">
      <Filter>源文件</Filter>
    </ClCompile>
    <ClCompile Include="..\vendor\include\imgui.cpp">
      <Filter>源文件</Filter>
    </ClCompile>
    <ClCompile Include="..\vendor\include\imgui_canvas.cpp">
      <Filter>源文件</Filter>
    </ClCompile>
    <ClCompile Include="..\vendor\include\imgui_demo.cpp">
      <Filter>源文件</Filter>
    </ClCompile>
    <ClCompile Include="..\vendor\include\imgui_draw.cpp">
      <Filter>源文件</Filter>
    </ClCompile>
    <ClCompile Include="..\vendor\include\imgui_impl_glfw.cpp">
      <Filter>源文件</Filter>
    </ClCompile>
    <ClCompile Include="..\vendor\include\imgui_impl_opengl3.cpp">
      <Filter>源文件</Filter>
    </ClCompile>
    <ClCompile Include="..\vendor\include\imgui_node_editor.cpp">
      <Filter>源文件</Filter>
    </ClCompile>
    <ClCompile Include="..\vendor\include\imgui_node_editor_api.cpp">
      <Filter>源文件</Filter>
    </ClCompile>
    <ClCompile Include="..\vendor\include\imgui_tables.cpp">
      <Filter>源文件</Filter>
    </ClCompile>
    <ClCompile Include="..\vendor\include\imgui_widgets.cpp">
      <Filter>源文件</Filter>
    </ClCompile>
    <ClCompile Include="..\vendor\include\ImGuizmo.cpp">
      <Filter>源文件</Filter>
    </ClCompile>
    <ClCompile Include="..\vendor\include\implot.cpp">
      <Filter>源文件</Filter>
    </ClCompile>
    <ClCompile Include="..\vendor\include\implot_demo.cpp">
      <Filter>源文件</Filter>
    </ClCompile>
    <ClCompile Include="..\vendor\include\implot_items.cpp">
      <Filter>源文件</Filter>
    </ClCompile>
    <ClCompile Include="..\vendor\include\ImSequencer.cpp">
      <Filter>源文件</Filter>
    </ClCompile>
  </ItemGroup>
  <ItemGroup>
    <ClInclude Include="..\vendor\include\crude_json.h">
      <Filter>源文件</Filter>
    </ClInclude>
    <ClInclude Include="..\vendor\include\glfw3.h">
      <Filter>源文件</Filter>
    </ClInclude>
    <ClInclude Include="..\vendor\include\glfw3native.h">
      <Filter>源文件</Filter>
    </ClInclude>
    <ClInclude Include="..\vendor\include\imconfig.h">
      <Filter>源文件</Filter>
    </ClInclude>
    <ClInclude Include="..\vendor\include\ImCurveEdit.h">
      <Filter>源文件</Filter>
    </ClInclude>
    <ClInclude Include="..\vendor\include\ImGradient.h">
      <Filter>源文件</Filter>
    </ClInclude>
    <ClInclude Include="..\vendor\include\imgui.h">
      <Filter>源文件</Filter>
    </ClInclude>
    <ClInclude Include="..\vendor\include\imgui_bezier_math.h">
      <Filter>源文件</Filter>
    </ClInclude>
    <ClInclude Include="..\vendor\include\imgui_canvas.h">
      <Filter>源文件</Filter>
    </ClInclude>
    <ClInclude Include="..\vendor\include\imgui_extra_math.h">
      <Filter>源文件</Filter>
    </ClInclude>
    <ClInclude Include="..\vendor\include\imgui_impl_glfw.h">
      <Filter>源文件</Filter>
    </ClInclude>
    <ClInclude Include="..\vendor\include\imgui_impl_opengl3.h">
      <Filter>源文件</Filter>
    </ClInclude>
    <ClInclude Include="..\vendor\include\imgui_impl_opengl3_loader.h">
      <Filter>源文件</Filter>
    </ClInclude>
    <ClInclude Include="..\vendor\include\imgui_internal.h">
      <Filter>源文件</Filter>
    </ClInclude>
    <ClInclude Include="..\vendor\include\imgui_node_editor.h">
      <Filter>源文件</Filter>
    </ClInclude>
    <ClInclude Include="..\vendor\include\imgui_node_editor_internal.h">
      <Filter>源文件</Filter>
    </ClInclude>
    <ClInclude Include="..\vendor\include\ImGuizmo.h">
      <Filter>源文件</Filter>
    </ClInclude>
    <ClInclude Include="..\vendor\include\implot.h">
      <Filter>源文件</Filter>
    </ClInclude>
    <ClInclude Include="..\vendor\include\implot_internal.h">
      <Filter>源文件</Filter>
    </ClInclude>
    <ClInclude Include="..\vendor\include\ImSequencer.h">
      <Filter>源文件</Filter>
    </ClInclude>
    <ClInclude Include="..\vendor\include\imstb_rectpack.h">
      <Filter>源文件</Filter>
    </ClInclude>
    <ClInclude Include="..\vendor\include\imstb_textedit.h">
      <Filter>源文件</Filter>
    </ClInclude>
    <ClInclude Include="..\vendor\include\imstb_truetype.h">
      <Filter>源文件</Filter>
    </ClInclude>
    <ClInclude Include="..\vendor\include\stb_image.h">
      <Filter>源文件</Filter>
    </ClInclude>
    <ClInclude Include="..\vendor\include\stb_image_resize.h">
      <Filter>源文件</Filter>
    </ClInclude>
    <ClInclude Include="..\vendor\include\stb_image_write.h">
      <Filter>源文件</Filter>
    </ClInclude>
    <ClInclude Include="..\vendor\include\stb_include.h">
      <Filter>源文件</Filter>
    </ClInclude>
  </ItemGroup>
  <ItemGroup>
    <Natvis Include="..\vendor\include\imgui.natvis">
      <Filter>源文件</Filter>
    </Natvis>
  </ItemGroup>
  <ItemGroup>
    <None Include="..\vendor\include\imgui_bezier_math.inl">
      <Filter>源文件</Filter>
    </None>
    <None Include="..\vendor\include\imgui_extra_math.inl">
      <Filter>源文件</Filter>
    </None>
    <None Include="..\vendor\include\imgui_node_editor_internal.inl">
      <Filter>源文件</Filter>
    </None>
  </ItemGroup>
</Project>